
Microsoft Visual Studio Solution File, Format Version 11.00
# Visual Studio 2010
Project("{FAE04EC0-301F-11D3-BF4B-00C04F79EFBC}") = "Unity.Timeline", "Unity.Timeline.csproj", "{1add0a43-da45-f652-2bf8-cf6833006fed}"
EndProject
Project("{FAE04EC0-301F-11D3-BF4B-00C04F79EFBC}") = "Unity.Timeline.Editor", "Unity.Timeline.Editor.csproj", "{388a9ac4-731a-cddc-93db-bdf90ea88573}"
EndProject
Project("{FAE04EC0-301F-11D3-BF4B-00C04F79EFBC}") = "Unity.TextMeshPro.Editor", "Unity.TextMeshPro.Editor.csproj", "{ff2f1131-c2a9-06eb-e6c8-7f5097107e4c}"
EndProject
Project("{FAE04EC0-301F-11D3-BF4B-00C04F79EFBC}") = "Unity.Services.Core.Internal", "Unity.Services.Core.Internal.csproj", "{ff491ce9-2f44-7ece-3774-d086e30f724a}"
EndProject
Project("{FAE04EC0-301F-11D3-BF4B-00C04F79EFBC}") = "Unity.VisualScripting.Flow", "Unity.VisualScripting.Flow.csproj", "{acc409cc-c37a-d4bf-e208-b7d32f5c03eb}"
EndProject
Project("{FAE04EC0-301F-11D3-BF4B-00C04F79EFBC}") = "Unity.ProBuilder", "Unity.ProBuilder.csproj", "{8e3d4c28-048d-00f9-e031-6f47de08ef77}"
EndProject
Project("{FAE04EC0-301F-11D3-BF4B-00C04F79EFBC}") = "Unity.PlasticSCM.Editor", "Unity.PlasticSCM.Editor.csproj", "{512d7a3b-8e59-d3ff-72c6-a6c012ef3cc8}"
EndProject
Project("{FAE04EC0-301F-11D3-BF4B-00C04F79EFBC}") = "Unity.CollabProxy.Editor", "Unity.CollabProxy.Editor.csproj", "{7bf0410a-dc26-93db-4177-db881b04be6a}"
EndProject
Project("{FAE04EC0-301F-11D3-BF4B-00C04F79EFBC}") = "Unity.ProBuilder.Editor", "Unity.ProBuilder.Editor.csproj", "{2affcdf5-1002-6e24-879b-0cd4e59243b9}"
EndProject
Project("{FAE04EC0-301F-11D3-BF4B-00C04F79EFBC}") = "Unity.VisualScripting.Core", "Unity.VisualScripting.Core.csproj", "{8baba9c3-dccf-9563-a6c1-42dd08b078a2}"
EndProject
Project("{FAE04EC0-301F-11D3-BF4B-00C04F79EFBC}") = "Cinemachine", "Cinemachine.csproj", "{7cae0722-b23a-6282-3e9c-43fc49da4ff2}"
EndProject
Project("{FAE04EC0-301F-11D3-BF4B-00C04F79EFBC}") = "Unity.VisualScripting.Core.Editor", "Unity.VisualScripting.Core.Editor.csproj", "{1da0ecd7-875d-cf40-be4b-54a095933c30}"
EndProject
Project("{FAE04EC0-301F-11D3-BF4B-00C04F79EFBC}") = "Unity.VisualScripting.Flow.Editor", "Unity.VisualScripting.Flow.Editor.csproj", "{0ffe50fe-3fc8-3254-de1e-60c19f178607}"
EndProject
Project("{FAE04EC0-301F-11D3-BF4B-00C04F79EFBC}") = "UnityEditor.TestRunner", "UnityEditor.TestRunner.csproj", "{dc908a4c-7303-bf8b-9be4-66dfe252de98}"
EndProject
Project("{FAE04EC0-301F-11D3-BF4B-00C04F79EFBC}") = "Unity.ProBuilder.Poly2Tri", "Unity.ProBuilder.Poly2Tri.csproj", "{32846c5b-1902-1b1a-9266-b0c0d2302d0d}"
EndProject
Project("{FAE04EC0-301F-11D3-BF4B-00C04F79EFBC}") = "Unity.VisualScripting.SettingsProvider.Editor", "Unity.VisualScripting.SettingsProvider.Editor.csproj", "{856f1923-0a2e-3e4b-d1e2-cda71af7492e}"
EndProject
Project("{FAE04EC0-301F-11D3-BF4B-00C04F79EFBC}") = "UnityEngine.TestRunner", "UnityEngine.TestRunner.csproj", "{aae7a4b1-ce74-8bee-7631-507ab611cd5d}"
EndProject
Project("{FAE04EC0-301F-11D3-BF4B-00C04F79EFBC}") = "Unity.ProBuilder.Csg", "Unity.ProBuilder.Csg.csproj", "{2089d24f-e3d2-1853-3abe-4a7a7c4a20b3}"
EndProject
Project("{FAE04EC0-301F-11D3-BF4B-00C04F79EFBC}") = "Unity.AI.Navigation.Editor", "Unity.AI.Navigation.Editor.csproj", "{eef39c6f-785f-26dd-d85b-c16f7964a71a}"
EndProject
Project("{FAE04EC0-301F-11D3-BF4B-00C04F79EFBC}") = "Unity.VisualStudio.Editor", "Unity.VisualStudio.Editor.csproj", "{f4f904f7-3116-fc81-1759-14ed6cc010b2}"
EndProject
Project("{FAE04EC0-301F-11D3-BF4B-00C04F79EFBC}") = "com.unity.cinemachine.editor", "com.unity.cinemachine.editor.csproj", "{74e7af7a-dee2-94c5-a237-27ce41970859}"
EndProject
Project("{FAE04EC0-301F-11D3-BF4B-00C04F79EFBC}") = "Unity.TestTools.CodeCoverage.Editor.OpenCover.Model", "Unity.TestTools.CodeCoverage.Editor.OpenCover.Model.csproj", "{ab536c39-626c-5742-51b4-b56d5a76033f}"
EndProject
Project("{FAE04EC0-301F-11D3-BF4B-00C04F79EFBC}") = "Unity.Rider.Editor", "Unity.Rider.Editor.csproj", "{5c569a9a-1638-20a7-5514-6049de6f0169}"
EndProject
Project("{FAE04EC0-301F-11D3-BF4B-00C04F79EFBC}") = "Unity.Services.Core.Environments.Internal", "Unity.Services.Core.Environments.Internal.csproj", "{b5a7ae1f-db10-adf7-4767-d3b19516d2c9}"
EndProject
Project("{FAE04EC0-301F-11D3-BF4B-00C04F79EFBC}") = "Unity.Services.Core.Telemetry", "Unity.Services.Core.Telemetry.csproj", "{057a02a6-5fbe-a61d-b3f8-f52f88df5df8}"
EndProject
Project("{FAE04EC0-301F-11D3-BF4B-00C04F79EFBC}") = "Unity.AI.Navigation", "Unity.AI.Navigation.csproj", "{458628f5-a18e-ecf6-9b02-58ad6c23c16f}"
EndProject
Project("{FAE04EC0-301F-11D3-BF4B-00C04F79EFBC}") = "Unity.Services.Core.Editor", "Unity.Services.Core.Editor.csproj", "{ae7384b6-3b72-79be-7b63-36d758c4c62c}"
EndProject
Project("{FAE04EC0-301F-11D3-BF4B-00C04F79EFBC}") = "Unity.Services.Core.Configuration", "Unity.Services.Core.Configuration.csproj", "{0a322c96-7861-561f-8905-144edfeb7591}"
EndProject
Project("{FAE04EC0-301F-11D3-BF4B-00C04F79EFBC}") = "Unity.AI.Navigation.Editor.ConversionSystem", "Unity.AI.Navigation.Editor.ConversionSystem.csproj", "{3bd855a4-f06c-a5e6-14be-f3c82cff0170}"
EndProject
Project("{FAE04EC0-301F-11D3-BF4B-00C04F79EFBC}") = "Unity.VisualScripting.State.Editor", "Unity.VisualScripting.State.Editor.csproj", "{8619801e-5e4f-6e56-97dd-8aab60b9134a}"
EndProject
Project("{FAE04EC0-301F-11D3-BF4B-00C04F79EFBC}") = "Unity.TestTools.CodeCoverage.Editor", "Unity.TestTools.CodeCoverage.Editor.csproj", "{4597cfef-00ff-8078-666b-7fa76a678f6b}"
EndProject
Project("{FAE04EC0-301F-11D3-BF4B-00C04F79EFBC}") = "Unity.Services.Core.Configuration.Editor", "Unity.Services.Core.Configuration.Editor.csproj", "{f6ebaa0e-81c2-0e9c-6084-2f02299a4eee}"
EndProject
Project("{FAE04EC0-301F-11D3-BF4B-00C04F79EFBC}") = "Unity.Services.Core", "Unity.Services.Core.csproj", "{338ef2c2-6f0f-fb6c-5f92-e6e2509138de}"
EndProject
Project("{FAE04EC0-301F-11D3-BF4B-00C04F79EFBC}") = "Unity.VisualScripting.State", "Unity.VisualScripting.State.csproj", "{abb34d40-caf2-faaf-8cd7-637b4bb46b45}"
EndProject
Project("{FAE04EC0-301F-11D3-BF4B-00C04F79EFBC}") = "Unity.TextMeshPro", "Unity.TextMeshPro.csproj", "{96f8674d-4bde-7a09-4fd7-099f6a43e8ae}"
EndProject
Project("{FAE04EC0-301F-11D3-BF4B-00C04F79EFBC}") = "Unity.Services.Core.Networking", "Unity.Services.Core.Networking.csproj", "{7302ff59-98d5-5178-6a29-1e195816dff0}"
EndProject
Project("{FAE04EC0-301F-11D3-BF4B-00C04F79EFBC}") = "Unity.Performance.Profile-Analyzer.Editor", "Unity.Performance.Profile-Analyzer.Editor.csproj", "{e0aa2183-d06a-e775-f5be-281e1aaf3cb7}"
EndProject
Project("{FAE04EC0-301F-11D3-BF4B-00C04F79EFBC}") = "Unity.Services.Core.Scheduler", "Unity.Services.Core.Scheduler.csproj", "{051d51f8-3a0f-659d-0e4e-63969c4c4fd2}"
EndProject
Project("{FAE04EC0-301F-11D3-BF4B-00C04F79EFBC}") = "Unity.VSCode.Editor", "Unity.VSCode.Editor.csproj", "{8e4f073d-3212-a46d-8ffb-d7eb9942a803}"
EndProject
Project("{FAE04EC0-301F-11D3-BF4B-00C04F79EFBC}") = "Unity.TestTools.CodeCoverage.Editor.OpenCover.Mono.Reflection", "Unity.TestTools.CodeCoverage.Editor.OpenCover.Mono.Reflection.csproj", "{8c98ac93-d69b-52f2-7a4e-3455f1b518b8}"
EndProject
Project("{FAE04EC0-301F-11D3-BF4B-00C04F79EFBC}") = "Unity.AI.Navigation.Updater", "Unity.AI.Navigation.Updater.csproj", "{ce51ac85-0152-28c3-8502-a4a2b7f4e524}"
EndProject
Project("{FAE04EC0-301F-11D3-BF4B-00C04F79EFBC}") = "Unity.ProBuilder.Stl", "Unity.ProBuilder.Stl.csproj", "{6db32048-0d7b-8162-4134-78ccd43a11c9}"
EndProject
Project("{FAE04EC0-301F-11D3-BF4B-00C04F79EFBC}") = "Unity.Settings.Editor", "Unity.Settings.Editor.csproj", "{b9d7c91a-632b-1a5e-ecba-3e1db16220e2}"
EndProject
Project("{FAE04EC0-301F-11D3-BF4B-00C04F79EFBC}") = "Assembly-CSharp", "Assembly-CSharp.csproj", "{6a6fee6e-7dca-b56b-812a-d1b0f00381bd}"
EndProject
Project("{FAE04EC0-301F-11D3-BF4B-00C04F79EFBC}") = "Unity.ProBuilder.AssetIdRemapUtility", "Unity.ProBuilder.AssetIdRemapUtility.csproj", "{41c3d291-aa10-01e6-6335-bf07bc353865}"
EndProject
Project("{FAE04EC0-301F-11D3-BF4B-00C04F79EFBC}") = "Unity.Services.Core.Registration", "Unity.Services.Core.Registration.csproj", "{a372eaa6-0f57-a948-b50b-82036b6fa715}"
EndProject
Project("{FAE04EC0-301F-11D3-BF4B-00C04F79EFBC}") = "Unity.Services.Core.Analytics", "Unity.Services.Core.Analytics.csproj", "{075b1664-35d1-51b6-9085-31aaf5cdd83d}"
EndProject
Project("{FAE04EC0-301F-11D3-BF4B-00C04F79EFBC}") = "Unity.ProBuilder.KdTree", "Unity.ProBuilder.KdTree.csproj", "{4d02b3bf-c920-c982-a36b-9a04810d0627}"
EndProject
Project("{FAE04EC0-301F-11D3-BF4B-00C04F79EFBC}") = "Unity.Services.Core.Threading", "Unity.Services.Core.Threading.csproj", "{3e864607-bd62-6a4a-0a17-b8275851b498}"
EndProject
Project("{FAE04EC0-301F-11D3-BF4B-00C04F79EFBC}") = "Unity.ProBuilder.AddOns.Editor", "Unity.ProBuilder.AddOns.Editor.csproj", "{f949dbe0-cae6-fe9d-69c4-99ddaded4922}"
EndProject
Project("{FAE04EC0-301F-11D3-BF4B-00C04F79EFBC}") = "Unity.EditorCoroutines.Editor", "Unity.EditorCoroutines.Editor.csproj", "{0dcaa2d9-7ece-8b36-1ff2-170df21c75f0}"
EndProject
Project("{FAE04EC0-301F-11D3-BF4B-00C04F79EFBC}") = "Unity.Services.Core.Device", "Unity.Services.Core.Device.csproj", "{b81fb505-d3d4-e257-69c3-77495bc60b5c}"
EndProject
Project("{FAE04EC0-301F-11D3-BF4B-00C04F79EFBC}") = "Unity.Services.Core.Environments", "Unity.Services.Core.Environments.csproj", "{1dd01e9f-932f-76ae-fa59-61d7382946f8}"
EndProject
Project("{FAE04EC0-301F-11D3-BF4B-00C04F79EFBC}") = "Unity.VisualScripting.Shared.Editor", "Unity.VisualScripting.Shared.Editor.csproj", "{7a9fd2cf-149a-c49d-f77c-b1e51fae28db}"
EndProject
Project("{FAE04EC0-301F-11D3-BF4B-00C04F79EFBC}") = "Assembly-CSharp-Editor", "Assembly-CSharp-Editor.csproj", "{8d50d99a-c500-56f7-eb0d-a127cf6e3c97}"
EndProject
Project("{FAE04EC0-301F-11D3-BF4B-00C04F79EFBC}") = "Unity.TextMeshPro.Tests", "Unity.TextMeshPro.Tests.csproj", "{187bb508-428e-0b5a-5a68-c56e65e5f417}"
EndProject
Project("{FAE04EC0-301F-11D3-BF4B-00C04F79EFBC}") = "DocCodeExamples", "DocCodeExamples.csproj", "{0fb6249b-72ff-ec44-d133-5f57aa31a61e}"
EndProject
Project("{FAE04EC0-301F-11D3-BF4B-00C04F79EFBC}") = "Unity.AI.Navigation.Tests", "Unity.AI.Navigation.Tests.csproj", "{ddada1b0-6ded-e8e6-1066-279baa69cd51}"
EndProject
Project("{FAE04EC0-301F-11D3-BF4B-00C04F79EFBC}") = "Unity.TestTools.CodeCoverage.Editor.Compatibility", "Unity.TestTools.CodeCoverage.Editor.Compatibility.csproj", "{01e7d640-620b-632a-e766-a73a24af58d7}"
EndProject
Project("{FAE04EC0-301F-11D3-BF4B-00C04F79EFBC}") = "Unity.TextMeshPro.Editor.Tests", "Unity.TextMeshPro.Editor.Tests.csproj", "{0d4c271b-cdee-91f4-ddf8-b9a23726bcec}"
EndProject
Project("{FAE04EC0-301F-11D3-BF4B-00C04F79EFBC}") = "Unity.Settings.Tests", "Unity.Settings.Tests.csproj", "{44585496-47b5-6544-1f20-06eb8979e426}"
EndProject
Project("{FAE04EC0-301F-11D3-BF4B-00C04F79EFBC}") = "Cinemachine.Editor.Tests", "Cinemachine.Editor.Tests.csproj", "{2849aab4-e4c8-54b7-dced-151ee9ebbde0}"
EndProject
Project("{FAE04EC0-301F-11D3-BF4B-00C04F79EFBC}") = "Unity.AI.Navigation.Editor.Tests", "Unity.AI.Navigation.Editor.Tests.csproj", "{c3289122-3daf-4b39-9b8a-668f4053c0a4}"
EndProject
Project("{FAE04EC0-301F-11D3-BF4B-00C04F79EFBC}") = "Unity.Performance.Profile-Analyzer.EditorTests", "Unity.Performance.Profile-Analyzer.EditorTests.csproj", "{5fa52f2e-70cd-08e0-eb8a-4349ce53e13c}"
EndProject
Project("{FAE04EC0-301F-11D3-BF4B-00C04F79EFBC}") = "Cinemachine.Runtime.Tests", "Cinemachine.Runtime.Tests.csproj", "{5daa8324-470e-a12f-cbc6-cdc1a9823f17}"
EndProject
Global
	GlobalSection(SolutionConfigurationPlatforms) = preSolution
		Debug|Any CPU = Debug|Any CPU
	EndGlobalSection
	GlobalSection(ProjectConfigurationPlatforms) = postSolution
		{1add0a43-da45-f652-2bf8-cf6833006fed}.Debug|Any CPU.ActiveCfg = Debug|Any CPU
		{1add0a43-da45-f652-2bf8-cf6833006fed}.Debug|Any CPU.Build.0 = Debug|Any CPU
		{388a9ac4-731a-cddc-93db-bdf90ea88573}.Debug|Any CPU.ActiveCfg = Debug|Any CPU
		{388a9ac4-731a-cddc-93db-bdf90ea88573}.Debug|Any CPU.Build.0 = Debug|Any CPU
		{ff2f1131-c2a9-06eb-e6c8-7f5097107e4c}.Debug|Any CPU.ActiveCfg = Debug|Any CPU
		{ff2f1131-c2a9-06eb-e6c8-7f5097107e4c}.Debug|Any CPU.Build.0 = Debug|Any CPU
		{ff491ce9-2f44-7ece-3774-d086e30f724a}.Debug|Any CPU.ActiveCfg = Debug|Any CPU
		{ff491ce9-2f44-7ece-3774-d086e30f724a}.Debug|Any CPU.Build.0 = Debug|Any CPU
		{acc409cc-c37a-d4bf-e208-b7d32f5c03eb}.Debug|Any CPU.ActiveCfg = Debug|Any CPU
		{acc409cc-c37a-d4bf-e208-b7d32f5c03eb}.Debug|Any CPU.Build.0 = Debug|Any CPU
		{8e3d4c28-048d-00f9-e031-6f47de08ef77}.Debug|Any CPU.ActiveCfg = Debug|Any CPU
		{8e3d4c28-048d-00f9-e031-6f47de08ef77}.Debug|Any CPU.Build.0 = Debug|Any CPU
		{512d7a3b-8e59-d3ff-72c6-a6c012ef3cc8}.Debug|Any CPU.ActiveCfg = Debug|Any CPU
		{512d7a3b-8e59-d3ff-72c6-a6c012ef3cc8}.Debug|Any CPU.Build.0 = Debug|Any CPU
		{7bf0410a-dc26-93db-4177-db881b04be6a}.Debug|Any CPU.ActiveCfg = Debug|Any CPU
		{7bf0410a-dc26-93db-4177-db881b04be6a}.Debug|Any CPU.Build.0 = Debug|Any CPU
		{2affcdf5-1002-6e24-879b-0cd4e59243b9}.Debug|Any CPU.ActiveCfg = Debug|Any CPU
		{2affcdf5-1002-6e24-879b-0cd4e59243b9}.Debug|Any CPU.Build.0 = Debug|Any CPU
		{8baba9c3-dccf-9563-a6c1-42dd08b078a2}.Debug|Any CPU.ActiveCfg = Debug|Any CPU
		{8baba9c3-dccf-9563-a6c1-42dd08b078a2}.Debug|Any CPU.Build.0 = Debug|Any CPU
		{7cae0722-b23a-6282-3e9c-43fc49da4ff2}.Debug|Any CPU.ActiveCfg = Debug|Any CPU
		{7cae0722-b23a-6282-3e9c-43fc49da4ff2}.Debug|Any CPU.Build.0 = Debug|Any CPU
		{1da0ecd7-875d-cf40-be4b-54a095933c30}.Debug|Any CPU.ActiveCfg = Debug|Any CPU
		{1da0ecd7-875d-cf40-be4b-54a095933c30}.Debug|Any CPU.Build.0 = Debug|Any CPU
		{0ffe50fe-3fc8-3254-de1e-60c19f178607}.Debug|Any CPU.ActiveCfg = Debug|Any CPU
		{0ffe50fe-3fc8-3254-de1e-60c19f178607}.Debug|Any CPU.Build.0 = Debug|Any CPU
		{dc908a4c-7303-bf8b-9be4-66dfe252de98}.Debug|Any CPU.ActiveCfg = Debug|Any CPU
		{dc908a4c-7303-bf8b-9be4-66dfe252de98}.Debug|Any CPU.Build.0 = Debug|Any CPU
		{32846c5b-1902-1b1a-9266-b0c0d2302d0d}.Debug|Any CPU.ActiveCfg = Debug|Any CPU
		{32846c5b-1902-1b1a-9266-b0c0d2302d0d}.Debug|Any CPU.Build.0 = Debug|Any CPU
		{856f1923-0a2e-3e4b-d1e2-cda71af7492e}.Debug|Any CPU.ActiveCfg = Debug|Any CPU
		{856f1923-0a2e-3e4b-d1e2-cda71af7492e}.Debug|Any CPU.Build.0 = Debug|Any CPU
		{aae7a4b1-ce74-8bee-7631-507ab611cd5d}.Debug|Any CPU.ActiveCfg = Debug|Any CPU
		{aae7a4b1-ce74-8bee-7631-507ab611cd5d}.Debug|Any CPU.Build.0 = Debug|Any CPU
		{2089d24f-e3d2-1853-3abe-4a7a7c4a20b3}.Debug|Any CPU.ActiveCfg = Debug|Any CPU
		{2089d24f-e3d2-1853-3abe-4a7a7c4a20b3}.Debug|Any CPU.Build.0 = Debug|Any CPU
		{eef39c6f-785f-26dd-d85b-c16f7964a71a}.Debug|Any CPU.ActiveCfg = Debug|Any CPU
		{eef39c6f-785f-26dd-d85b-c16f7964a71a}.Debug|Any CPU.Build.0 = Debug|Any CPU
		{f4f904f7-3116-fc81-1759-14ed6cc010b2}.Debug|Any CPU.ActiveCfg = Debug|Any CPU
		{f4f904f7-3116-fc81-1759-14ed6cc010b2}.Debug|Any CPU.Build.0 = Debug|Any CPU
		{74e7af7a-dee2-94c5-a237-27ce41970859}.Debug|Any CPU.ActiveCfg = Debug|Any CPU
		{74e7af7a-dee2-94c5-a237-27ce41970859}.Debug|Any CPU.Build.0 = Debug|Any CPU
		{ab536c39-626c-5742-51b4-b56d5a76033f}.Debug|Any CPU.ActiveCfg = Debug|Any CPU
		{ab536c39-626c-5742-51b4-b56d5a76033f}.Debug|Any CPU.Build.0 = Debug|Any CPU
		{5c569a9a-1638-20a7-5514-6049de6f0169}.Debug|Any CPU.ActiveCfg = Debug|Any CPU
		{5c569a9a-1638-20a7-5514-6049de6f0169}.Debug|Any CPU.Build.0 = Debug|Any CPU
		{b5a7ae1f-db10-adf7-4767-d3b19516d2c9}.Debug|Any CPU.ActiveCfg = Debug|Any CPU
		{b5a7ae1f-db10-adf7-4767-d3b19516d2c9}.Debug|Any CPU.Build.0 = Debug|Any CPU
		{057a02a6-5fbe-a61d-b3f8-f52f88df5df8}.Debug|Any CPU.ActiveCfg = Debug|Any CPU
		{057a02a6-5fbe-a61d-b3f8-f52f88df5df8}.Debug|Any CPU.Build.0 = Debug|Any CPU
		{458628f5-a18e-ecf6-9b02-58ad6c23c16f}.Debug|Any CPU.ActiveCfg = Debug|Any CPU
		{458628f5-a18e-ecf6-9b02-58ad6c23c16f}.Debug|Any CPU.Build.0 = Debug|Any CPU
		{ae7384b6-3b72-79be-7b63-36d758c4c62c}.Debug|Any CPU.ActiveCfg = Debug|Any CPU
		{ae7384b6-3b72-79be-7b63-36d758c4c62c}.Debug|Any CPU.Build.0 = Debug|Any CPU
		{0a322c96-7861-561f-8905-144edfeb7591}.Debug|Any CPU.ActiveCfg = Debug|Any CPU
		{0a322c96-7861-561f-8905-144edfeb7591}.Debug|Any CPU.Build.0 = Debug|Any CPU
		{3bd855a4-f06c-a5e6-14be-f3c82cff0170}.Debug|Any CPU.ActiveCfg = Debug|Any CPU
		{3bd855a4-f06c-a5e6-14be-f3c82cff0170}.Debug|Any CPU.Build.0 = Debug|Any CPU
		{8619801e-5e4f-6e56-97dd-8aab60b9134a}.Debug|Any CPU.ActiveCfg = Debug|Any CPU
		{8619801e-5e4f-6e56-97dd-8aab60b9134a}.Debug|Any CPU.Build.0 = Debug|Any CPU
		{4597cfef-00ff-8078-666b-7fa76a678f6b}.Debug|Any CPU.ActiveCfg = Debug|Any CPU
		{4597cfef-00ff-8078-666b-7fa76a678f6b}.Debug|Any CPU.Build.0 = Debug|Any CPU
		{f6ebaa0e-81c2-0e9c-6084-2f02299a4eee}.Debug|Any CPU.ActiveCfg = Debug|Any CPU
		{f6ebaa0e-81c2-0e9c-6084-2f02299a4eee}.Debug|Any CPU.Build.0 = Debug|Any CPU
		{338ef2c2-6f0f-fb6c-5f92-e6e2509138de}.Debug|Any CPU.ActiveCfg = Debug|Any CPU
		{338ef2c2-6f0f-fb6c-5f92-e6e2509138de}.Debug|Any CPU.Build.0 = Debug|Any CPU
		{abb34d40-caf2-faaf-8cd7-637b4bb46b45}.Debug|Any CPU.ActiveCfg = Debug|Any CPU
		{abb34d40-caf2-faaf-8cd7-637b4bb46b45}.Debug|Any CPU.Build.0 = Debug|Any CPU
		{96f8674d-4bde-7a09-4fd7-099f6a43e8ae}.Debug|Any CPU.ActiveCfg = Debug|Any CPU
		{96f8674d-4bde-7a09-4fd7-099f6a43e8ae}.Debug|Any CPU.Build.0 = Debug|Any CPU
		{7302ff59-98d5-5178-6a29-1e195816dff0}.Debug|Any CPU.ActiveCfg = Debug|Any CPU
		{7302ff59-98d5-5178-6a29-1e195816dff0}.Debug|Any CPU.Build.0 = Debug|Any CPU
		{e0aa2183-d06a-e775-f5be-281e1aaf3cb7}.Debug|Any CPU.ActiveCfg = Debug|Any CPU
		{e0aa2183-d06a-e775-f5be-281e1aaf3cb7}.Debug|Any CPU.Build.0 = Debug|Any CPU
		{051d51f8-3a0f-659d-0e4e-63969c4c4fd2}.Debug|Any CPU.ActiveCfg = Debug|Any CPU
		{051d51f8-3a0f-659d-0e4e-63969c4c4fd2}.Debug|Any CPU.Build.0 = Debug|Any CPU
		{8e4f073d-3212-a46d-8ffb-d7eb9942a803}.Debug|Any CPU.ActiveCfg = Debug|Any CPU
		{8e4f073d-3212-a46d-8ffb-d7eb9942a803}.Debug|Any CPU.Build.0 = Debug|Any CPU
		{8c98ac93-d69b-52f2-7a4e-3455f1b518b8}.Debug|Any CPU.ActiveCfg = Debug|Any CPU
		{8c98ac93-d69b-52f2-7a4e-3455f1b518b8}.Debug|Any CPU.Build.0 = Debug|Any CPU
		{ce51ac85-0152-28c3-8502-a4a2b7f4e524}.Debug|Any CPU.ActiveCfg = Debug|Any CPU
		{ce51ac85-0152-28c3-8502-a4a2b7f4e524}.Debug|Any CPU.Build.0 = Debug|Any CPU
		{6db32048-0d7b-8162-4134-78ccd43a11c9}.Debug|Any CPU.ActiveCfg = Debug|Any CPU
		{6db32048-0d7b-8162-4134-78ccd43a11c9}.Debug|Any CPU.Build.0 = Debug|Any CPU
		{b9d7c91a-632b-1a5e-ecba-3e1db16220e2}.Debug|Any CPU.ActiveCfg = Debug|Any CPU
		{b9d7c91a-632b-1a5e-ecba-3e1db16220e2}.Debug|Any CPU.Build.0 = Debug|Any CPU
		{6a6fee6e-7dca-b56b-812a-d1b0f00381bd}.Debug|Any CPU.ActiveCfg = Debug|Any CPU
		{6a6fee6e-7dca-b56b-812a-d1b0f00381bd}.Debug|Any CPU.Build.0 = Debug|Any CPU
		{41c3d291-aa10-01e6-6335-bf07bc353865}.Debug|Any CPU.ActiveCfg = Debug|Any CPU
		{41c3d291-aa10-01e6-6335-bf07bc353865}.Debug|Any CPU.Build.0 = Debug|Any CPU
		{a372eaa6-0f57-a948-b50b-82036b6fa715}.Debug|Any CPU.ActiveCfg = Debug|Any CPU
		{a372eaa6-0f57-a948-b50b-82036b6fa715}.Debug|Any CPU.Build.0 = Debug|Any CPU
		{075b1664-35d1-51b6-9085-31aaf5cdd83d}.Debug|Any CPU.ActiveCfg = Debug|Any CPU
		{075b1664-35d1-51b6-9085-31aaf5cdd83d}.Debug|Any CPU.Build.0 = Debug|Any CPU
		{4d02b3bf-c920-c982-a36b-9a04810d0627}.Debug|Any CPU.ActiveCfg = Debug|Any CPU
		{4d02b3bf-c920-c982-a36b-9a04810d0627}.Debug|Any CPU.Build.0 = Debug|Any CPU
		{3e864607-bd62-6a4a-0a17-b8275851b498}.Debug|Any CPU.ActiveCfg = Debug|Any CPU
		{3e864607-bd62-6a4a-0a17-b8275851b498}.Debug|Any CPU.Build.0 = Debug|Any CPU
		{f949dbe0-cae6-fe9d-69c4-99ddaded4922}.Debug|Any CPU.ActiveCfg = Debug|Any CPU
		{f949dbe0-cae6-fe9d-69c4-99ddaded4922}.Debug|Any CPU.Build.0 = Debug|Any CPU
		{0dcaa2d9-7ece-8b36-1ff2-170df21c75f0}.Debug|Any CPU.ActiveCfg = Debug|Any CPU
		{0dcaa2d9-7ece-8b36-1ff2-170df21c75f0}.Debug|Any CPU.Build.0 = Debug|Any CPU
		{b81fb505-d3d4-e257-69c3-77495bc60b5c}.Debug|Any CPU.ActiveCfg = Debug|Any CPU
		{b81fb505-d3d4-e257-69c3-77495bc60b5c}.Debug|Any CPU.Build.0 = Debug|Any CPU
		{1dd01e9f-932f-76ae-fa59-61d7382946f8}.Debug|Any CPU.ActiveCfg = Debug|Any CPU
		{1dd01e9f-932f-76ae-fa59-61d7382946f8}.Debug|Any CPU.Build.0 = Debug|Any CPU
		{7a9fd2cf-149a-c49d-f77c-b1e51fae28db}.Debug|Any CPU.ActiveCfg = Debug|Any CPU
		{7a9fd2cf-149a-c49d-f77c-b1e51fae28db}.Debug|Any CPU.Build.0 = Debug|Any CPU
		{8d50d99a-c500-56f7-eb0d-a127cf6e3c97}.Debug|Any CPU.ActiveCfg = Debug|Any CPU
		{8d50d99a-c500-56f7-eb0d-a127cf6e3c97}.Debug|Any CPU.Build.0 = Debug|Any CPU
		{187bb508-428e-0b5a-5a68-c56e65e5f417}.Debug|Any CPU.ActiveCfg = Debug|Any CPU
		{187bb508-428e-0b5a-5a68-c56e65e5f417}.Debug|Any CPU.Build.0 = Debug|Any CPU
		{0fb6249b-72ff-ec44-d133-5f57aa31a61e}.Debug|Any CPU.ActiveCfg = Debug|Any CPU
		{0fb6249b-72ff-ec44-d133-5f57aa31a61e}.Debug|Any CPU.Build.0 = Debug|Any CPU
		{ddada1b0-6ded-e8e6-1066-279baa69cd51}.Debug|Any CPU.ActiveCfg = Debug|Any CPU
		{ddada1b0-6ded-e8e6-1066-279baa69cd51}.Debug|Any CPU.Build.0 = Debug|Any CPU
		{01e7d640-620b-632a-e766-a73a24af58d7}.Debug|Any CPU.ActiveCfg = Debug|Any CPU
		{01e7d640-620b-632a-e766-a73a24af58d7}.Debug|Any CPU.Build.0 = Debug|Any CPU
		{0d4c271b-cdee-91f4-ddf8-b9a23726bcec}.Debug|Any CPU.ActiveCfg = Debug|Any CPU
		{0d4c271b-cdee-91f4-ddf8-b9a23726bcec}.Debug|Any CPU.Build.0 = Debug|Any CPU
		{44585496-47b5-6544-1f20-06eb8979e426}.Debug|Any CPU.ActiveCfg = Debug|Any CPU
		{44585496-47b5-6544-1f20-06eb8979e426}.Debug|Any CPU.Build.0 = Debug|Any CPU
		{2849aab4-e4c8-54b7-dced-151ee9ebbde0}.Debug|Any CPU.ActiveCfg = Debug|Any CPU
		{2849aab4-e4c8-54b7-dced-151ee9ebbde0}.Debug|Any CPU.Build.0 = Debug|Any CPU
		{c3289122-3daf-4b39-9b8a-668f4053c0a4}.Debug|Any CPU.ActiveCfg = Debug|Any CPU
		{c3289122-3daf-4b39-9b8a-668f4053c0a4}.Debug|Any CPU.Build.0 = Debug|Any CPU
		{5fa52f2e-70cd-08e0-eb8a-4349ce53e13c}.Debug|Any CPU.ActiveCfg = Debug|Any CPU
		{5fa52f2e-70cd-08e0-eb8a-4349ce53e13c}.Debug|Any CPU.Build.0 = Debug|Any CPU
		{5daa8324-470e-a12f-cbc6-cdc1a9823f17}.Debug|Any CPU.ActiveCfg = Debug|Any CPU
		{5daa8324-470e-a12f-cbc6-cdc1a9823f17}.Debug|Any CPU.Build.0 = Debug|Any CPU
	EndGlobalSection
	GlobalSection(SolutionProperties) = preSolution
		HideSolutionNode = FALSE
	EndGlobalSection
EndGlobal
